Microsoft Visual Studio Solution File, Format Version 12.00
# Visual Studio Version 17
VisualStudioVersion = 17.5.2.0
MinimumVisualStudioVersion = 10.0.40219.1
Project("{2150E333-8FDC-42A3-9474-1A3956D46DE8}") = "WindowsFiles", "WindowsFiles", "{A9859EA8-110D-8DB3-057E-96325F2C8628}"
EndProject
Project("{FAE04EC0-301F-11D3-BF4B-00C04F79EFBC}") = "WebUsbToVigem", "WindowsFiles\WebUsbToVigem\WebUsbToVigem.csproj", "{0CD05FB4-6B69-C4F0-7A0D-C3116B72E5BC}"
EndProject
Global
	GlobalSection(SolutionConfigurationPlatforms) = preSolution
		Debug|Any CPU = Debug|Any CPU
		Release|Any CPU = Release|Any CPU
	EndGlobalSection
	GlobalSection(ProjectConfigurationPlatforms) = postSolution
		{0CD05FB4-6B69-C4F0-7A0D-C3116B72E5BC}.Debug|Any CPU.ActiveCfg = Debug|Any CPU
		{0CD05FB4-6B69-C4F0-7A0D-C3116B72E5BC}.Debug|Any CPU.Build.0 = Debug|Any CPU
		{0CD05FB4-6B69-C4F0-7A0D-C3116B72E5BC}.Release|Any CPU.ActiveCfg = Release|Any CPU
		{0CD05FB4-6B69-C4F0-7A0D-C3116B72E5BC}.Release|Any CPU.Build.0 = Release|Any CPU
	EndGlobalSection
	GlobalSection(SolutionProperties) = preSolution
		HideSolutionNode = FALSE
	EndGlobalSection
	GlobalSection(NestedProjects) = preSolution
		{0CD05FB4-6B69-C4F0-7A0D-C3116B72E5BC} = {A9859EA8-110D-8DB3-057E-96325F2C8628}
	EndGlobalSection
	GlobalSection(ExtensibilityGlobals) = postSolution
		SolutionGuid = {35A533F4-2E14-4A12-BC5A-0D5FF83337DE}
	EndGlobalSection
EndGlobal
